
Microsoft Visual Studio Solution File, Format Version 12.00
# Visual Studio 15
VisualStudioVersion = 15.0.27428.2015
MinimumVisualStudioVersion = 10.0.40219.1
Project("{2150E333-8FDC-42A3-9474-1A3956D46DE8}") = "Services", "Services", "{507FB151-EBE2-4B31-AF93-69DE90ACE934}"
EndProject
Project("{2150E333-8FDC-42A3-9474-1A3956D46DE8}") = "Web", "Web", "{21C2FC32-E5C6-4079-9817-D0A9293FD88C}"
EndProject
Project("{E24C65DC-7377-472B-9ABA-BC803B73C61A}") = "Sankey.Web", "Web\Sankey.Web\", "{57631FCB-C02A-4926-94A0-26C64E5217F5}"
	ProjectSection(WebsiteProperties) = preProject
		TargetFrameworkMoniker = ".NETFramework,Version%3Dv4.0"
		Debug.AspNetCompiler.VirtualPath = "/localhost_1726"
		Debug.AspNetCompiler.PhysicalPath = "Web\Sankey.Web\"
		Debug.AspNetCompiler.TargetPath = "PrecompiledWeb\localhost_1726\"
		Debug.AspNetCompiler.Updateable = "true"
		Debug.AspNetCompiler.ForceOverwrite = "true"
		Debug.AspNetCompiler.FixedNames = "false"
		Debug.AspNetCompiler.Debug = "True"
		Release.AspNetCompiler.VirtualPath = "/localhost_1726"
		Release.AspNetCompiler.PhysicalPath = "Web\Sankey.Web\"
		Release.AspNetCompiler.TargetPath = "PrecompiledWeb\localhost_1726\"
		Release.AspNetCompiler.Updateable = "true"
		Release.AspNetCompiler.ForceOverwrite = "true"
		Release.AspNetCompiler.FixedNames = "false"
		Release.AspNetCompiler.Debug = "False"
		VWDPort = "1726"
		SlnRelativePath = "Web\Sankey.Web\"
	EndProjectSection
EndProject
Project("{9A19103F-16F7-4668-BE54-9A1E7A4F7556}") = "Sankey.API", "Services\Sankey.API\Sankey.API.csproj", "{7DA91E39-03DB-4079-B66E-393F801D783E}"
EndProject
Project("{9A19103F-16F7-4668-BE54-9A1E7A4F7556}") = "Sankey.Domain", "Services\Sankey.Domain\Sankey.Domain.csproj", "{D1C96777-9593-481A-8165-C3D627E710EB}"
EndProject
Project("{9A19103F-16F7-4668-BE54-9A1E7A4F7556}") = "Sankey.Infrastructure", "Services\Sankey.Infrastructure\Sankey.Infrastructure.csproj", "{3A49BB6C-EC8A-4658-83CD-B693EC2712CC}"
EndProject
Project("{2150E333-8FDC-42A3-9474-1A3956D46DE8}") = "BuildingBlocks", "BuildingBlocks", "{BAB93B80-A778-4D5B-9C15-F913FF381BAA}"
EndProject
Project("{9A19103F-16F7-4668-BE54-9A1E7A4F7556}") = "WebHost.Customization", "BuildingBlocks\WebHost.Customization\WebHost.Customization.csproj", "{1F50E8F8-7D84-44E9-9A4E-5CECACD6323A}"
EndProject
Global
	GlobalSection(SolutionConfigurationPlatforms) = preSolution
		Debug|Any CPU = Debug|Any CPU
		Release|Any CPU = Release|Any CPU
	EndGlobalSection
	GlobalSection(ProjectConfigurationPlatforms) = postSolution
		{57631FCB-C02A-4926-94A0-26C64E5217F5}.Debug|Any CPU.ActiveCfg = Debug|Any CPU
		{57631FCB-C02A-4926-94A0-26C64E5217F5}.Debug|Any CPU.Build.0 = Debug|Any CPU
		{57631FCB-C02A-4926-94A0-26C64E5217F5}.Release|Any CPU.ActiveCfg = Debug|Any CPU
		{57631FCB-C02A-4926-94A0-26C64E5217F5}.Release|Any CPU.Build.0 = Debug|Any CPU
		{7DA91E39-03DB-4079-B66E-393F801D783E}.Debug|Any CPU.ActiveCfg = Debug|Any CPU
		{7DA91E39-03DB-4079-B66E-393F801D783E}.Debug|Any CPU.Build.0 = Debug|Any CPU
		{7DA91E39-03DB-4079-B66E-393F801D783E}.Release|Any CPU.ActiveCfg = Release|Any CPU
		{7DA91E39-03DB-4079-B66E-393F801D783E}.Release|Any CPU.Build.0 = Release|Any CPU
		{D1C96777-9593-481A-8165-C3D627E710EB}.Debug|Any CPU.ActiveCfg = Debug|Any CPU
		{D1C96777-9593-481A-8165-C3D627E710EB}.Debug|Any CPU.Build.0 = Debug|Any CPU
		{D1C96777-9593-481A-8165-C3D627E710EB}.Release|Any CPU.ActiveCfg = Release|Any CPU
		{D1C96777-9593-481A-8165-C3D627E710EB}.Release|Any CPU.Build.0 = Release|Any CPU
		{3A49BB6C-EC8A-4658-83CD-B693EC2712CC}.Debug|Any CPU.ActiveCfg = Debug|Any CPU
		{3A49BB6C-EC8A-4658-83CD-B693EC2712CC}.Debug|Any CPU.Build.0 = Debug|Any CPU
		{3A49BB6C-EC8A-4658-83CD-B693EC2712CC}.Release|Any CPU.ActiveCfg = Release|Any CPU
		{3A49BB6C-EC8A-4658-83CD-B693EC2712CC}.Release|Any CPU.Build.0 = Release|Any CPU
		{1F50E8F8-7D84-44E9-9A4E-5CECACD6323A}.Debug|Any CPU.ActiveCfg = Debug|Any CPU
		{1F50E8F8-7D84-44E9-9A4E-5CECACD6323A}.Debug|Any CPU.Build.0 = Debug|Any CPU
		{1F50E8F8-7D84-44E9-9A4E-5CECACD6323A}.Release|Any CPU.ActiveCfg = Release|Any CPU
		{1F50E8F8-7D84-44E9-9A4E-5CECACD6323A}.Release|Any CPU.Build.0 = Release|Any CPU
	EndGlobalSection
	GlobalSection(SolutionProperties) = preSolution
		HideSolutionNode = FALSE
	EndGlobalSection
	GlobalSection(NestedProjects) = preSolution
		{57631FCB-C02A-4926-94A0-26C64E5217F5} = {21C2FC32-E5C6-4079-9817-D0A9293FD88C}
		{7DA91E39-03DB-4079-B66E-393F801D783E} = {507FB151-EBE2-4B31-AF93-69DE90ACE934}
		{D1C96777-9593-481A-8165-C3D627E710EB} = {507FB151-EBE2-4B31-AF93-69DE90ACE934}
		{3A49BB6C-EC8A-4658-83CD-B693EC2712CC} = {507FB151-EBE2-4B31-AF93-69DE90ACE934}
		{1F50E8F8-7D84-44E9-9A4E-5CECACD6323A} = {BAB93B80-A778-4D5B-9C15-F913FF381BAA}
	EndGlobalSection
	GlobalSection(ExtensibilityGlobals) = postSolution
		SolutionGuid = {1929AC4E-D2E1-4075-A657-634960753157}
	EndGlobalSection
EndGlobal
